// !$*UTF8*$!
{
	archiveVersion = 1;
	classes = {
	};
	objectVersion = 50;
	objects = {

/* Begin PBXBuildFile section */
		5A47A6772208AE6100C7D129 /* AppDelegate.swift in Sources */ = {isa = PBXBuildFile; fileRef = 5A47A6762208AE6100C7D129 /* AppDelegate.swift */; };
		5A47A6792208AE6100C7D129 /* ViewController.swift in Sources */ = {isa = PBXBuildFile; fileRef = 5A47A6782208AE6100C7D129 /* ViewController.swift */; };
		5A47A67C2208AE6100C7D129 /* Main.storyboard in Resources */ = {isa = PBXBuildFile; fileRef = 5A47A67A2208AE6100C7D129 /* Main.storyboard */; };
		5A47A67E2208AE6400C7D129 /* Assets.xcassets in Resources */ = {isa = PBXBuildFile; fileRef = 5A47A67D2208AE6400C7D129 /* Assets.xcassets */; };
		5A47A6812208AE6400C7D129 /* LaunchScreen.storyboard in Resources */ = {isa = PBXBuildFile; fileRef = 5A47A67F2208AE6400C7D129 /* LaunchScreen.storyboard */; };
		5A47A68C2208AE6600C7D129 /* Navigation_Multiple_ScreenTests.swift in Sources */ = {isa = PBXBuildFile; fileRef = 5A47A68B2208AE6600C7D129 /* Navigation_Multiple_ScreenTests.swift */; };
		5A47A6972208AE6600C7D129 /* Navigation_Multiple_ScreenUITests.swift in Sources */ = {isa = PBXBuildFile; fileRef = 5A47A6962208AE6600C7D129 /* Navigation_Multiple_ScreenUITests.swift */; };
/* End PBXBuildFile section */

/* Begin PBXContainerItemProxy section */
		5A47A6882208AE6600C7D129 /* PBXContainerItemProxy */ = {
			isa = PBXContainerItemProxy;
			containerPortal = 5A47A66B2208AE6100C7D129 /* Project object */;
			proxyType = 1;
			remoteGlobalIDString = 5A47A6722208AE6100C7D129;
			remoteInfo = "Navigation Multiple Screen";
		};
		5A47A6932208AE6600C7D129 /* PBXContainerItemProxy */ = {
			isa = PBXContainerItemProxy;
			containerPortal = 5A47A66B2208AE6100C7D129 /* Project object */;
			proxyType = 1;
			remoteGlobalIDString = 5A47A6722208AE6100C7D129;
			remoteInfo = "Navigation Multiple Screen";
		};
/* End PBXContainerItemProxy section */

/* Begin PBXFileReference section */
		5A47A6732208AE6100C7D129 /* Navigation Multiple Screen.app */ = {isa = PBXFileReference; explicitFileType = wrapper.application; includeInIndex = 0; path = "Navigation Multiple Screen.app"; sourceTree = BUILT_PRODUCTS_DIR; };
		5A47A6762208AE6100C7D129 /* AppDelegate.swift */ = {isa = PBXFileReference; lastKnownFileType = sourcecode.swift; path = AppDelegate.swift; sourceTree = "<group>"; };
		5A47A6782208AE6100C7D129 /* ViewController.swift */ = {isa = PBXFileReference; lastKnownFileType = sourcecode.swift; path = ViewController.swift; sourceTree = "<group>"; };
		5A47A67B2208AE6100C7D129 /* Base */ = {isa = PBXFileReference; lastKnownFileType = file.storyboard; name = Base; path = Base.lproj/Main.storyboard; sourceTree = "<group>"; };
		5A47A67D2208AE6400C7D129 /* Assets.xcassets */ = {isa = PBXFileReference; lastKnownFileType = folder.assetcatalog; path = Assets.xcassets; sourceTree = "<group>"; };
		5A47A6802208AE6400C7D129 /* Base */ = {isa = PBXFileReference; lastKnownFileType = file.storyboard; name = Base; path = Base.lproj/LaunchScreen.storyboard; sourceTree = "<group>"; };
		5A47A6822208AE6400C7D129 /* Info.plist */ = {isa = PBXFileReference; lastKnownFileType = text.plist.xml; path = Info.plist; sourceTree = "<group>"; };
		5A47A6872208AE6600C7D129 /* Navigation Multiple ScreenTests.xctest */ = {isa = PBXFileReference; explicitFileType = wrapper.cfbundle; includeInIndex = 0; path = "Navigation Multiple ScreenTests.xctest"; sourceTree = BUILT_PRODUCTS_DIR; };
		5A47A68B2208AE6600C7D129 /* Navigation_Multiple_ScreenTests.swift */ = {isa = PBXFileReference; lastKnownFileType = sourcecode.swift; path = Navigation_Multiple_ScreenTests.swift; sourceTree = "<group>"; };
		5A47A68D2208AE6600C7D129 /* Info.plist */ = {isa = PBXFileReference; lastKnownFileType = text.plist.xml; path = Info.plist; sourceTree = "<group>"; };
		5A47A6922208AE6600C7D129 /* Navigation Multiple ScreenUITests.xctest */ = {isa = PBXFileReference; explicitFileType = wrapper.cfbundle; includeInIndex = 0; path = "Navigation Multiple ScreenUITests.xctest"; sourceTree = BUILT_PRODUCTS_DIR; };
		5A47A6962208AE6600C7D129 /* Navigation_Multiple_ScreenUITests.swift */ = {isa = PBXFileReference; lastKnownFileType = sourcecode.swift; path = Navigation_Multiple_ScreenUITests.swift; sourceTree = "<group>"; };
		5A47A6982208AE6600C7D129 /* Info.plist */ = {isa = PBXFileReference; lastKnownFileType = text.plist.xml; path = Info.plist; sourceTree = "<group>"; };
/* End PBXFileReference section */

/* Begin PBXFrameworksBuildPhase section */
		5A47A6702208AE6100C7D129 /* Frameworks */ = {
			isa = PBXFrameworksBuildPhase;
			buildActionMask = 2147483647;
			files = (
			);
			runOnlyForDeploymentPostprocessing = 0;
		};
		5A47A6842208AE6600C7D129 /* Frameworks */ = {
			isa = PBXFrameworksBuildPhase;
			buildActionMask = 2147483647;
			files = (
			);
			runOnlyForDeploymentPostprocessing = 0;
		};
		5A47A68F2208AE6600C7D129 /* Frameworks */ = {
			isa = PBXFrameworksBuildPhase;
			buildActionMask = 2147483647;
			files = (
			);
			runOnlyForDeploymentPostprocessing = 0;
		};
/* End PBXFrameworksBuildPhase section */

/* Begin PBXGroup section */
		5A47A66A2208AE6100C7D129 = {
			isa = PBXGroup;
			children = (
				5A47A6752208AE6100C7D129 /* Navigation Multiple Screen */,
				5A47A68A2208AE6600C7D129 /* Navigation Multiple ScreenTests */,
				5A47A6952208AE6600C7D129 /* Navigation Multiple ScreenUITests */,
				5A47A6742208AE6100C7D129 /* Products */,
			);
			sourceTree = "<group>";
		};
		5A47A6742208AE6100C7D129 /* Products */ = {
			isa = PBXGroup;
			children = (
				5A47A6732208AE6100C7D129 /* Navigation Multiple Screen.app */,
				5A47A6872208AE6600C7D129 /* Navigation Multiple ScreenTests.xctest */,
				5A47A6922208AE6600C7D129 /* Navigation Multiple ScreenUITests.xctest */,
			);
			name = Products;
			sourceTree = "<group>";
		};
		5A47A6752208AE6100C7D129 /* Navigation Multiple Screen */ = {
			isa = PBXGroup;
			children = (
				5A47A6762208AE6100C7D129 /* AppDelegate.swift */,
				5A47A6782208AE6100C7D129 /* ViewController.swift */,
				5A47A67A2208AE6100C7D129 /* Main.storyboard */,
				5A47A67D2208AE6400C7D129 /* Assets.xcassets */,
				5A47A67F2208AE6400C7D129 /* LaunchScreen.storyboard */,
				5A47A6822208AE6400C7D129 /* Info.plist */,
			);
			path = "Navigation Multiple Screen";
			sourceTree = "<group>";
		};
		5A47A68A2208AE6600C7D129 /* Navigation Multiple ScreenTests */ = {
			isa = PBXGroup;
			children = (
				5A47A68B2208AE6600C7D129 /* Navigation_Multiple_ScreenTests.swift */,
				5A47A68D2208AE6600C7D129 /* Info.plist */,
			);
			path = "Navigation Multiple ScreenTests";
			sourceTree = "<group>";
		};
		5A47A6952208AE6600C7D129 /* Navigation Multiple ScreenUITests */ = {
			isa = PBXGroup;
			children = (
				5A47A6962208AE6600C7D129 /* Navigation_Multiple_ScreenUITests.swift */,
				5A47A6982208AE6600C7D129 /* Info.plist */,
			);
			path = "Navigation Multiple ScreenUITests";
			sourceTree = "<group>";
		};
/* End PBXGroup section */

/* Begin PBXNativeTarget section */
		5A47A6722208AE6100C7D129 /* Navigation Multiple Screen */ = {
			isa = PBXNativeTarget;
			buildConfigurationList = 5A47A69B2208AE6600C7D129 /* Build configuration list for PBXNativeTarget "Navigation Multiple Screen" */;
			buildPhases = (
				5A47A66F2208AE6100C7D129 /* Sources */,
				5A47A6702208AE6100C7D129 /* Frameworks */,
				5A47A6712208AE6100C7D129 /* Resources */,
			);
			buildRules = (
			);
			dependencies = (
			);
			name = "Navigation Multiple Screen";
			productName = "Navigation Multiple Screen";
			productReference = 5A47A6732208AE6100C7D129 /* Navigation Multiple Screen.app */;
			productType = "com.apple.product-type.application";
		};
		5A47A6862208AE6600C7D129 /* Navigation Multiple ScreenTests */ = {
			isa = PBXNativeTarget;
			buildConfigurationList = 5A47A69E2208AE6600C7D129 /* Build configuration list for PBXNativeTarget "Navigation Multiple ScreenTests" */;
			buildPhases = (
				5A47A6832208AE6600C7D129 /* Sources */,
				5A47A6842208AE6600C7D129 /* Frameworks */,
				5A47A6852208AE6600C7D129 /* Resources */,
			);
			buildRules = (
			);
			dependencies = (
				5A47A6892208AE6600C7D129 /* PBXTargetDependency */,
			);
			name = "Navigation Multiple ScreenTests";
			productName = "Navigation Multiple ScreenTests";
			productReference = 5A47A6872208AE6600C7D129 /* Navigation Multiple ScreenTests.xctest */;
			productType = "com.apple.product-type.bundle.unit-test";
		};
		5A47A6912208AE6600C7D129 /* Navigation Multiple ScreenUITests */ = {
			isa = PBXNativeTarget;
			buildConfigurationList = 5A47A6A12208AE6600C7D129 /* Build configuration list for PBXNativeTarget "Navigation Multiple ScreenUITests" */;
			buildPhases = (
				5A47A68E2208AE6600C7D129 /* Sources */,
				5A47A68F2208AE6600C7D129 /* Frameworks */,
				5A47A6902208AE6600C7D129 /* Resources */,
			);
			buildRules = (
			);
			dependencies = (
				5A47A6942208AE6600C7D129 /* PBXTargetDependency */,
			);
			name = "Navigation Multiple ScreenUITests";
			productName = "Navigation Multiple ScreenUITests";
			productReference = 5A47A6922208AE6600C7D129 /* Navigation Multiple ScreenUITests.xctest */;
			productType = "com.apple.product-type.bundle.ui-testing";
		};
/* End PBXNativeTarget section */

/* Begin PBXProject section */
		5A47A66B2208AE6100C7D129 /* Project object */ = {
			isa = PBXProject;
			attributes = {
				LastSwiftUpdateCheck = 1010;
				LastUpgradeCheck = 1010;
				ORGANIZATIONNAME = "Rohit Shivdas Badgujar";
				TargetAttributes = {
					5A47A6722208AE6100C7D129 = {
						CreatedOnToolsVersion = 10.1;
					};
					5A47A6862208AE6600C7D129 = {
						CreatedOnToolsVersion = 10.1;
						TestTargetID = 5A47A6722208AE6100C7D129;
					};
					5A47A6912208AE6600C7D129 = {
						CreatedOnToolsVersion = 10.1;
						TestTargetID = 5A47A6722208AE6100C7D129;
					};
				};
			};
			buildConfigurationList = 5A47A66E2208AE6100C7D129 /* Build configuration list for PBXProject "Navigation Multiple Screen" */;
			compatibilityVersion = "Xcode 9.3";
			developmentRegion = en;
			hasScannedForEncodings = 0;
			knownRegions = (
				en,
				Base,
			);
			mainGroup = 5A47A66A2208AE6100C7D129;
			productRefGroup = 5A47A6742208AE6100C7D129 /* Products */;
			projectDirPath = "";
			projectRoot = "";
			targets = (
				5A47A6722208AE6100C7D129 /* Navigation Multiple Screen */,
				5A47A6862208AE6600C7D129 /* Navigation Multiple ScreenTests */,
				5A47A6912208AE6600C7D129 /* Navigation Multiple ScreenUITests */,
			);
		};
/* End PBXProject section */

/* Begin PBXResourcesBuildPhase section */
		5A47A6712208AE6100C7D129 /* Resources */ = {
			isa = PBXResourcesBuildPhase;
			buildActionMask = 2147483647;
			files = (
				5A47A6812208AE6400C7D129 /* LaunchScreen.storyboard in Resources */,
				5A47A67E2208AE6400C7D129 /* Assets.xcassets in Resources */,
				5A47A67C2208AE6100C7D129 /* Main.storyboard in Resources */,
			);
			runOnlyForDeploymentPostprocessing = 0;
		};
		5A47A6852208AE6600C7D129 /* Resources */ = {
			isa = PBXResourcesBuildPhase;
			buildActionMask = 2147483647;
			files = (
			);
			runOnlyForDeploymentPostprocessing = 0;
		};
		5A47A6902208AE6600C7D129 /* Resources */ = {
			isa = PBXResourcesBuildPhase;
			buildActionMask = 2147483647;
			files = (
			);
			runOnlyForDeploymentPostprocessing = 0;
		};
/* End PBXResourcesBuildPhase section */

/* Begin PBXSourcesBuildPhase section */
		5A47A66F2208AE6100C7D129 /* Sources */ = {
			isa = PBXSourcesBuildPhase;
			buildActionMask = 2147483647;
			files = (
				5A47A6792208AE6100C7D129 /* ViewController.swift in Sources */,
				5A47A6772208AE6100C7D129 /* AppDelegate.swift in Sources */,
			);
			runOnlyForDeploymentPostprocessing = 0;
		};
		5A47A6832208AE6600C7D129 /* Sources */ = {
			isa = PBXSourcesBuildPhase;
			buildActionMask = 2147483647;
			files = (
				5A47A68C2208AE6600C7D129 /* Navigation_Multiple_ScreenTests.swift in Sources */,
			);
			runOnlyForDeploymentPostprocessing = 0;
		};
		5A47A68E2208AE6600C7D129 /* Sources */ = {
			isa = PBXSourcesBuildPhase;
			buildActionMask = 2147483647;
			files = (
				5A47A6972208AE6600C7D129 /* Navigation_Multiple_ScreenUITests.swift in Sources */,
			);
			runOnlyForDeploymentPostprocessing = 0;
		};
/* End PBXSourcesBuildPhase section */

/* Begin PBXTargetDependency section */
		5A47A6892208AE6600C7D129 /* PBXTargetDependency */ = {
			isa = PBXTargetDependency;
			target = 5A47A6722208AE6100C7D129 /* Navigation Multiple Screen */;
			targetProxy = 5A47A6882208AE6600C7D129 /* PBXContainerItemProxy */;
		};
		5A47A6942208AE6600C7D129 /* PBXTargetDependency */ = {
			isa = PBXTargetDependency;
			target = 5A47A6722208AE6100C7D129 /* Navigation Multiple Screen */;
			targetProxy = 5A47A6932208AE6600C7D129 /* PBXContainerItemProxy */;
		};
/* End PBXTargetDependency section */

/* Begin PBXVariantGroup section */
		5A47A67A2208AE6100C7D129 /* Main.storyboard */ = {
			isa = PBXVariantGroup;
			children = (
				5A47A67B2208AE6100C7D129 /* Base */,
			);
			name = Main.storyboard;
			sourceTree = "<group>";
		};
		5A47A67F2208AE6400C7D129 /* LaunchScreen.storyboard */ = {
			isa = PBXVariantGroup;
			children = (
				5A47A6802208AE6400C7D129 /* Base */,
			);
			name = LaunchScreen.storyboard;
			sourceTree = "<group>";
		};
/* End PBXVariantGroup section */

/* Begin XCBuildConfiguration section */
		5A47A6992208AE6600C7D129 /* Debug */ = {
			isa = XCBuildConfiguration;
			buildSettings = {
				ALWAYS_SEARCH_USER_PATHS = NO;
				CLANG_ANALYZER_NONNULL = YES;
				CLANG_ANALYZER_NUMBER_OBJECT_CONVERSION = YES_AGGRESSIVE;
				CLANG_CXX_LANGUAGE_STANDARD = "gnu++14";
				CLANG_CXX_LIBRARY = "libc++";
				CLANG_ENABLE_MODULES = YES;
				CLANG_ENABLE_OBJC_ARC = YES;
				CLANG_ENABLE_OBJC_WEAK = YES;
				CLANG_WARN_BLOCK_CAPTURE_AUTORELEASING = YES;
				CLANG_WARN_BOOL_CONVERSION = YES;
				CLANG_WARN_COMMA = YES;
				CLANG_WARN_CONSTANT_CONVERSION = YES;
				CLANG_WARN_DEPRECATED_OBJC_IMPLEMENTATIONS = YES;
				CLANG_WARN_DIRECT_OBJC_ISA_USAGE = YES_ERROR;
				CLANG_WARN_DOCUMENTATION_COMMENTS = YES;
				CLANG_WARN_EMPTY_BODY = YES;
				CLANG_WARN_ENUM_CONVERSION = YES;
				CLANG_WARN_INFINITE_RECURSION = YES;
				CLANG_WARN_INT_CONVERSION = YES;
				CLANG_WARN_NON_LITERAL_NULL_CONVERSION = YES;
				CLANG_WARN_OBJC_IMPLICIT_RETAIN_SELF = YES;
				CLANG_WARN_OBJC_LITERAL_CONVERSION = YES;
				CLANG_WARN_OBJC_ROOT_CLASS = YES_ERROR;
				CLANG_WARN_RANGE_LOOP_ANALYSIS = YES;
				CLANG_WARN_STRICT_PROTOTYPES = YES;
				CLANG_WARN_SUSPICIOUS_MOVE = YES;
				CLANG_WARN_UNGUARDED_AVAILABILITY = YES_AGGRESSIVE;
				CLANG_WARN_UNREACHABLE_CODE = YES;
				CLANG_WARN__DUPLICATE_METHOD_MATCH = YES;
				CODE_SIGN_IDENTITY = "iPhone Developer";
				COPY_PHASE_STRIP = NO;
				DEBUG_INFORMATION_FORMAT = dwarf;
				ENABLE_STRICT_OBJC_MSGSEND = YES;
				ENABLE_TESTABILITY = YES;
				GCC_C_LANGUAGE_STANDARD = gnu11;
				GCC_DYNAMIC_NO_PIC = NO;
				GCC_NO_COMMON_BLOCKS = YES;
				GCC_OPTIMIZATION_LEVEL = 0;
				GCC_PREPROCESSOR_DEFINITIONS = (
					"DEBUG=1",
					"$(inherited)",
				);
				GCC_WARN_64_TO_32_BIT_CONVERSION = YES;
				GCC_WARN_ABOUT_RETURN_TYPE = YES_ERROR;
				GCC_WARN_UNDECLARED_SELECTOR = YES;
				GCC_WARN_UNINITIALIZED_AUTOS = YES_AGGRESSIVE;
				GCC_WARN_UNUSED_FUNCTION = YES;
				GCC_WARN_UNUSED_VARIABLE = YES;
				IPHONEOS_DEPLOYMENT_TARGET = 12.1;
				MTL_ENABLE_DEBUG_INFO = INCLUDE_SOURCE;
				MTL_FAST_MATH = YES;
				ONLY_ACTIVE_ARCH = YES;
				SDKROOT = iphoneos;
				SWIFT_ACTIVE_COMPILATION_CONDITIONS = DEBUG;
				SWIFT_OPTIMIZATION_LEVEL = "-Onone";
			};
			name = Debug;
		};
		5A47A69A2208AE6600C7D129 /* Release */ = {
			isa = XCBuildConfiguration;
			buildSettings = {
				ALWAYS_SEARCH_USER_PATHS = NO;
				CLANG_ANALYZER_NONNULL = YES;
				CLANG_ANALYZER_NUMBER_OBJECT_CONVERSION = YES_AGGRESSIVE;
				CLANG_CXX_LANGUAGE_STANDARD = "gnu++14";
				CLANG_CXX_LIBRARY = "libc++";
				CLANG_ENABLE_MODULES = YES;
				CLANG_ENABLE_OBJC_ARC = YES;
				CLANG_ENABLE_OBJC_WEAK = YES;
				CLANG_WARN_BLOCK_CAPTURE_AUTORELEASING = YES;
				CLANG_WARN_BOOL_CONVERSION = YES;
				CLANG_WARN_COMMA = YES;
				CLANG_WARN_CONSTANT_CONVERSION = YES;
				CLANG_WARN_DEPRECATED_OBJC_IMPLEMENTATIONS = YES;
				CLANG_WARN_DIRECT_OBJC_ISA_USAGE = YES_ERROR;
				CLANG_WARN_DOCUMENTATION_COMMENTS = YES;
				CLANG_WARN_EMPTY_BODY = YES;
				CLANG_WARN_ENUM_CONVERSION = YES;
				CLANG_WARN_INFINITE_RECURSION = YES;
				CLANG_WARN_INT_CONVERSION = YES;
				CLANG_WARN_NON_LITERAL_NULL_CONVERSION = YES;
				CLANG_WARN_OBJC_IMPLICIT_RETAIN_SELF = YES;
				CLANG_WARN_OBJC_LITERAL_CONVERSION = YES;
				CLANG_WARN_OBJC_ROOT_CLASS = YES_ERROR;
				CLANG_WARN_RANGE_LOOP_ANALYSIS = YES;
				CLANG_WARN_STRICT_PROTOTYPES = YES;
				CLANG_WARN_SUSPICIOUS_MOVE = YES;
				CLANG_WARN_UNGUARDED_AVAILABILITY = YES_AGGRESSIVE;
				CLANG_WARN_UNREACHABLE_CODE = YES;
				CLANG_WARN__DUPLICATE_METHOD_MATCH = YES;
				CODE_SIGN_IDENTITY = "iPhone Developer";
				COPY_PHASE_STRIP = NO;
				DEBUG_INFORMATION_FORMAT = "dwarf-with-dsym";
				ENABLE_NS_ASSERTIONS = NO;
				ENABLE_STRICT_OBJC_MSGSEND = YES;
				GCC_C_LANGUAGE_STANDARD = gnu11;
				GCC_NO_COMMON_BLOCKS = YES;
				GCC_WARN_64_TO_32_BIT_CONVERSION = YES;
				GCC_WARN_ABOUT_RETURN_TYPE = YES_ERROR;
				GCC_WARN_UNDECLARED_SELECTOR = YES;
				GCC_WARN_UNINITIALIZED_AUTOS = YES_AGGRESSIVE;
				GCC_WARN_UNUSED_FUNCTION = YES;
				GCC_WARN_UNUSED_VARIABLE = YES;
				IPHONEOS_DEPLOYMENT_TARGET = 12.1;
				MTL_ENABLE_DEBUG_INFO = NO;
				MTL_FAST_MATH = YES;
				SDKROOT = iphoneos;
				SWIFT_COMPILATION_MODE = wholemodule;
				SWIFT_OPTIMIZATION_LEVEL = "-O";
				VALIDATE_PRODUCT = YES;
			};
			name = Release;
		};
		5A47A69C2208AE6600C7D129 /* Debug */ = {
			isa = XCBuildConfiguration;
			buildSettings = {
				ASSETCATALOG_COMPILER_APPICON_NAME = AppIcon;
				CODE_SIGN_STYLE = Automatic;
				INFOPLIST_FILE = "Navigation Multiple Screen/Info.plist";
				LD_RUNPATH_SEARCH_PATHS = (
					"$(inherited)",
					"@executable_path/Frameworks",
				);
				PRODUCT_BUNDLE_IDENTIFIER = "UCC.Navigation-Multiple-Screen";
				PRODUCT_NAME = "$(TARGET_NAME)";
				SWIFT_VERSION = 4.2;
				TARGETED_DEVICE_FAMILY = "1,2";
			};
			name = Debug;
		};
		5A47A69D2208AE6600C7D129 /* Release */ = {
			isa = XCBuildConfiguration;
			buildSettings = {
				ASSETCATALOG_COMPILER_APPICON_NAME = AppIcon;
				CODE_SIGN_STYLE = Automatic;
				INFOPLIST_FILE = "Navigation Multiple Screen/Info.plist";
				LD_RUNPATH_SEARCH_PATHS = (
					"$(inherited)",
					"@executable_path/Frameworks",
				);
				PRODUCT_BUNDLE_IDENTIFIER = "UCC.Navigation-Multiple-Screen";
				PRODUCT_NAME = "$(TARGET_NAME)";
				SWIFT_VERSION = 4.2;
				TARGETED_DEVICE_FAMILY = "1,2";
			};
			name = Release;
		};
		5A47A69F2208AE6600C7D129 /* Debug */ = {
			isa = XCBuildConfiguration;
			buildSettings = {
				ALWAYS_EMBED_SWIFT_STANDARD_LIBRARIES = YES;
				BUNDLE_LOADER = "$(TEST_HOST)";
				CODE_SIGN_STYLE = Automatic;
				INFOPLIST_FILE = "Navigation Multiple ScreenTests/Info.plist";
				LD_RUNPATH_SEARCH_PATHS = (
					"$(inherited)",
					"@executable_path/Frameworks",
					"@loader_path/Frameworks",
				);
				PRODUCT_BUNDLE_IDENTIFIER = "UCC.Navigation-Multiple-ScreenTests";
				PRODUCT_NAME = "$(TARGET_NAME)";
				SWIFT_VERSION = 4.2;
				TARGETED_DEVICE_FAMILY = "1,2";
				TEST_HOST = "$(BUILT_PRODUCTS_DIR)/Navigation Multiple Screen.app/Navigation Multiple Screen";
			};
			name = Debug;
		};
		5A47A6A02208AE6600C7D129 /* Release */ = {
			isa = XCBuildConfiguration;
			buildSettings = {
				ALWAYS_EMBED_SWIFT_STANDARD_LIBRARIES = YES;
				BUNDLE_LOADER = "$(TEST_HOST)";
				CODE_SIGN_STYLE = Automatic;
				INFOPLIST_FILE = "Navigation Multiple ScreenTests/Info.plist";
				LD_RUNPATH_SEARCH_PATHS = (
					"$(inherited)",
					"@executable_path/Frameworks",
					"@loader_path/Frameworks",
				);
				PRODUCT_BUNDLE_IDENTIFIER = "UCC.Navigation-Multiple-ScreenTests";
				PRODUCT_NAME = "$(TARGET_NAME)";
				SWIFT_VERSION = 4.2;
				TARGETED_DEVICE_FAMILY = "1,2";
				TEST_HOST = "$(BUILT_PRODUCTS_DIR)/Navigation Multiple Screen.app/Navigation Multiple Screen";
			};
			name = Release;
		};
		5A47A6A22208AE6600C7D129 /* Debug */ = {
			isa = XCBuildConfiguration;
			buildSettings = {
				ALWAYS_EMBED_SWIFT_STANDARD_LIBRARIES = YES;
				CODE_SIGN_STYLE = Automatic;
				INFOPLIST_FILE = "Navigation Multiple ScreenUITests/Info.plist";
				LD_RUNPATH_SEARCH_PATHS = (
					"$(inherited)",
					"@executable_path/Frameworks",
					"@loader_path/Frameworks",
				);
				PRODUCT_BUNDLE_IDENTIFIER = "UCC.Navigation-Multiple-ScreenUITests";
				PRODUCT_NAME = "$(TARGET_NAME)";
				SWIFT_VERSION = 4.2;
				TARGETED_DEVICE_FAMILY = "1,2";
				TEST_TARGET_NAME = "Navigation Multiple Screen";
			};
			name = Debug;
		};
		5A47A6A32208AE6600C7D129 /* Release */ = {
			isa = XCBuildConfiguration;
			buildSettings = {
				ALWAYS_EMBED_SWIFT_STANDARD_LIBRARIES = YES;
				CODE_SIGN_STYLE = Automatic;
				INFOPLIST_FILE = "Navigation Multiple ScreenUITests/Info.plist";
				LD_RUNPATH_SEARCH_PATHS = (
					"$(inherited)",
					"@executable_path/Frameworks",
					"@loader_path/Frameworks",
				);
				PRODUCT_BUNDLE_IDENTIFIER = "UCC.Navigation-Multiple-ScreenUITests";
				PRODUCT_NAME = "$(TARGET_NAME)";
				SWIFT_VERSION = 4.2;
				TARGETED_DEVICE_FAMILY = "1,2";
				TEST_TARGET_NAME = "Navigation Multiple Screen";
			};
			name = Release;
		};
/* End XCBuildConfiguration section */

/* Begin XCConfigurationList section */
		5A47A66E2208AE6100C7D129 /* Build configuration list for PBXProject "Navigation Multiple Screen" */ = {
			isa = XCConfigurationList;
			buildConfigurations = (
				5A47A6992208AE6600C7D129 /* Debug */,
				5A47A69A2208AE6600C7D129 /* Release */,
			);
			defaultConfigurationIsVisible = 0;
			defaultConfigurationName = Release;
		};
		5A47A69B2208AE6600C7D129 /* Build configuration list for PBXNativeTarget "Navigation Multiple Screen" */ = {
			isa = XCConfigurationList;
			buildConfigurations = (
				5A47A69C2208AE6600C7D129 /* Debug */,
				5A47A69D2208AE6600C7D129 /* Release */,
			);
			defaultConfigurationIsVisible = 0;
			defaultConfigurationName = Release;
		};
		5A47A69E2208AE6600C7D129 /* Build configuration list for PBXNativeTarget "Navigation Multiple ScreenTests" */ = {
			isa = XCConfigurationList;
			buildConfigurations = (
				5A47A69F2208AE6600C7D129 /* Debug */,
				5A47A6A02208AE6600C7D129 /* Release */,
			);
			defaultConfigurationIsVisible = 0;
			defaultConfigurationName = Release;
		};
		5A47A6A12208AE6600C7D129 /* Build configuration list for PBXNativeTarget "Navigation Multiple ScreenUITests" */ = {
			isa = XCConfigurationList;
			buildConfigurations = (
				5A47A6A22208AE6600C7D129 /* Debug */,
				5A47A6A32208AE6600C7D129 /* Release */,
			);
			defaultConfigurationIsVisible = 0;
			defaultConfigurationName = Release;
		};
/* End XCConfigurationList section */
	};
	rootObject = 5A47A66B2208AE6100C7D129 /* Project object */;
}
